
Microsoft Visual Studio Solution File, Format Version 12.00
# Visual Studio Version 16
VisualStudioVersion = 16.0.28803.202
MinimumVisualStudioVersion = 10.0.40219.1
Project("{FAE04EC0-301F-11D3-BF4B-00C04F79EFBC}") = "UnSpaceWebApp", "UnSpaceWebApp\UnSpaceWebApp.csproj", "{CA3CBE7A-7519-4AD1-898F-1FD9FCE57F1A}"
EndProject
Global
	GlobalSection(SolutionConfigurationPlatforms) = preSolution
		Debug|Any CPU = Debug|Any CPU
		Release|Any CPU = Release|Any CPU
	EndGlobalSection
	GlobalSection(ProjectConfigurationPlatforms) = postSolution
		{CA3CBE7A-7519-4AD1-898F-1FD9FCE57F1A}.Debug|Any CPU.ActiveCfg = Debug|Any CPU
		{CA3CBE7A-7519-4AD1-898F-1FD9FCE57F1A}.Debug|Any CPU.Build.0 = Debug|Any CPU
		{CA3CBE7A-7519-4AD1-898F-1FD9FCE57F1A}.Release|Any CPU.ActiveCfg = Release|Any CPU
		{CA3CBE7A-7519-4AD1-898F-1FD9FCE57F1A}.Release|Any CPU.Build.0 = Release|Any CPU
	EndGlobalSection
	GlobalSection(SolutionProperties) = preSolution
		HideSolutionNode = FALSE
	EndGlobalSection
	GlobalSection(ExtensibilityGlobals) = postSolution
		SolutionGuid = {4FB5F48B-0E65-4E64-8024-55A547A8C55C}
	EndGlobalSection
EndGlobal
